{
  "name": "@discord-util/markdown",
  "version": "1.0.0",
  "lockfileVersion": 2,
  "requires": true,
  "packages": {
    "": {
      "name": "@discord-util/markdown",
      "version": "1.0.0",
      "license": "MIT",
      "devDependencies": {
        "@types/node": "^16.4.11"
      }
    },
    "node_modules/@types/node": {
      "version": "16.4.11",
      "resolved": "https://registry.npmjs.org/@types/node/-/node-16.4.11.tgz",
      "integrity": "sha512-nWSFUbuNiPKJEe1IViuodSI+9cM+vpM8SWF/O6dJK7wmGRNq55U7XavJHrlRrPkSMuUZUFzg1xaZ1B+ZZCrRWw==",
      "dev": true
    }
  },
  "dependencies": {
    "@types/node": {
      "version": "16.4.11",
      "resolved": "https://registry.npmjs.org/@types/node/-/node-16.4.11.tgz",
      "integrity": "sha512-nWSFUbuNiPKJEe1IViuodSI+9cM+vpM8SWF/O6dJK7wmGRNq55U7XavJHrlRrPkSMuUZUFzg1xaZ1B+ZZCrRWw==",
      "dev": true
    }
  }
}
